
Microsoft Visual Studio Solution File, Format Version 12.00
# Visual Studio Version 17
VisualStudioVersion = 17.0.32112.339
MinimumVisualStudioVersion = 10.0.40219.1
Project("{9A19103F-16F7-4668-BE54-9A1E7A4F7556}") = "MyMicroservice", "MyMicroservice.csproj", "{0794F95E-71FF-4295-BF05-6886004DF91F}"
EndProject
Project("{E53339B2-1760-4266-BCC7-CA923CBCF16C}") = "docker-compose", "docker-compose.dcproj", "{ABA8C039-8B3D-48E5-9373-4659E1E34A17}"
EndProject
Global
	GlobalSection(SolutionConfigurationPlatforms) = preSolution
		Debug|Any CPU = Debug|Any CPU
		Release|Any CPU = Release|Any CPU
	EndGlobalSection
	GlobalSection(ProjectConfigurationPlatforms) = postSolution
		{0794F95E-71FF-4295-BF05-6886004DF91F}.Debug|Any CPU.ActiveCfg = Debug|Any CPU
		{0794F95E-71FF-4295-BF05-6886004DF91F}.Debug|Any CPU.Build.0 = Debug|Any CPU
		{0794F95E-71FF-4295-BF05-6886004DF91F}.Release|Any CPU.ActiveCfg = Release|Any CPU
		{0794F95E-71FF-4295-BF05-6886004DF91F}.Release|Any CPU.Build.0 = Release|Any CPU
		{ABA8C039-8B3D-48E5-9373-4659E1E34A17}.Debug|Any CPU.ActiveCfg = Debug|Any CPU
		{ABA8C039-8B3D-48E5-9373-4659E1E34A17}.Debug|Any CPU.Build.0 = Debug|Any CPU
		{ABA8C039-8B3D-48E5-9373-4659E1E34A17}.Release|Any CPU.ActiveCfg = Release|Any CPU
		{ABA8C039-8B3D-48E5-9373-4659E1E34A17}.Release|Any CPU.Build.0 = Release|Any CPU
	EndGlobalSection
	GlobalSection(SolutionProperties) = preSolution
		HideSolutionNode = FALSE
	EndGlobalSection
	GlobalSection(ExtensibilityGlobals) = postSolution
		SolutionGuid = {1D4D4753-F3A4-4019-817B-98D593BC0074}
	EndGlobalSection
EndGlobal
