
Microsoft Visual Studio Solution File, Format Version 12.00
# Visual Studio Version 17
VisualStudioVersion = 17.0.32112.339
MinimumVisualStudioVersion = 10.0.40219.1
Project("{9A19103F-16F7-4668-BE54-9A1E7A4F7556}") = "Microservice-Consumer", "Microservice-Consumer\Microservice-Consumer.csproj", "{F59F197A-7138-4D3B-9D33-5A5B991F287A}"
EndProject
Project("{E53339B2-1760-4266-BCC7-CA923CBCF16C}") = "docker-compose", "docker-compose.dcproj", "{F06F7839-B3DD-4B17-8597-D4B2A0DF87AD}"
EndProject
Project("{9A19103F-16F7-4668-BE54-9A1E7A4F7556}") = "Microservice-Producer", "Microservice-Producer\Microservice-Producer.csproj", "{098B2652-0327-4FB5-BCFE-67229E078805}"
EndProject
Project("{9A19103F-16F7-4668-BE54-9A1E7A4F7556}") = "RabbitMQWorkerService", "RabbitMQWorkerService\RabbitMQWorkerService.csproj", "{8826B9B3-A58D-46D3-A783-319AC0C46E8B}"
EndProject
Project("{9A19103F-16F7-4668-BE54-9A1E7A4F7556}") = "MessageService", "MessageService\MessageService.csproj", "{1641893F-2FD3-4CD5-B560-976BB6343217}"
EndProject
Global
	GlobalSection(SolutionConfigurationPlatforms) = preSolution
		Debug|Any CPU = Debug|Any CPU
		Release|Any CPU = Release|Any CPU
	EndGlobalSection
	GlobalSection(ProjectConfigurationPlatforms) = postSolution
		{F59F197A-7138-4D3B-9D33-5A5B991F287A}.Debug|Any CPU.ActiveCfg = Debug|Any CPU
		{F59F197A-7138-4D3B-9D33-5A5B991F287A}.Debug|Any CPU.Build.0 = Debug|Any CPU
		{F59F197A-7138-4D3B-9D33-5A5B991F287A}.Release|Any CPU.ActiveCfg = Release|Any CPU
		{F59F197A-7138-4D3B-9D33-5A5B991F287A}.Release|Any CPU.Build.0 = Release|Any CPU
		{F06F7839-B3DD-4B17-8597-D4B2A0DF87AD}.Debug|Any CPU.ActiveCfg = Debug|Any CPU
		{F06F7839-B3DD-4B17-8597-D4B2A0DF87AD}.Debug|Any CPU.Build.0 = Debug|Any CPU
		{F06F7839-B3DD-4B17-8597-D4B2A0DF87AD}.Release|Any CPU.ActiveCfg = Release|Any CPU
		{F06F7839-B3DD-4B17-8597-D4B2A0DF87AD}.Release|Any CPU.Build.0 = Release|Any CPU
		{098B2652-0327-4FB5-BCFE-67229E078805}.Debug|Any CPU.ActiveCfg = Debug|Any CPU
		{098B2652-0327-4FB5-BCFE-67229E078805}.Debug|Any CPU.Build.0 = Debug|Any CPU
		{098B2652-0327-4FB5-BCFE-67229E078805}.Release|Any CPU.ActiveCfg = Release|Any CPU
		{098B2652-0327-4FB5-BCFE-67229E078805}.Release|Any CPU.Build.0 = Release|Any CPU
		{8826B9B3-A58D-46D3-A783-319AC0C46E8B}.Debug|Any CPU.ActiveCfg = Debug|Any CPU
		{8826B9B3-A58D-46D3-A783-319AC0C46E8B}.Debug|Any CPU.Build.0 = Debug|Any CPU
		{8826B9B3-A58D-46D3-A783-319AC0C46E8B}.Release|Any CPU.ActiveCfg = Release|Any CPU
		{8826B9B3-A58D-46D3-A783-319AC0C46E8B}.Release|Any CPU.Build.0 = Release|Any CPU
		{1641893F-2FD3-4CD5-B560-976BB6343217}.Debug|Any CPU.ActiveCfg = Debug|Any CPU
		{1641893F-2FD3-4CD5-B560-976BB6343217}.Debug|Any CPU.Build.0 = Debug|Any CPU
		{1641893F-2FD3-4CD5-B560-976BB6343217}.Release|Any CPU.ActiveCfg = Release|Any CPU
		{1641893F-2FD3-4CD5-B560-976BB6343217}.Release|Any CPU.Build.0 = Release|Any CPU
	EndGlobalSection
	GlobalSection(SolutionProperties) = preSolution
		HideSolutionNode = FALSE
	EndGlobalSection
	GlobalSection(ExtensibilityGlobals) = postSolution
		SolutionGuid = {AFD3E2ED-8798-4BC1-9C95-037F8BE94CF2}
	EndGlobalSection
EndGlobal
